
Microsoft Visual Studio Solution File, Format Version 12.00
# Visual Studio Version 17
VisualStudioVersion = 17.5.33424.131
MinimumVisualStudioVersion = 10.0.40219.1
Project("{FAE04EC0-301F-11D3-BF4B-00C04F79EFBC}") = "DataStructureImplementation", "DataStructureImplementation.csproj", "{3E9C3238-FEF6-4FF3-8006-773FC6464987}"
EndProject
Global
	GlobalSection(SolutionConfigurationPlatforms) = preSolution
		Debug|Any CPU = Debug|Any CPU
		Release|Any CPU = Release|Any CPU
	EndGlobalSection
	GlobalSection(ProjectConfigurationPlatforms) = postSolution
		{3E9C3238-FEF6-4FF3-8006-773FC6464987}.Debug|Any CPU.ActiveCfg = Debug|Any CPU
		{3E9C3238-FEF6-4FF3-8006-773FC6464987}.Debug|Any CPU.Build.0 = Debug|Any CPU
		{3E9C3238-FEF6-4FF3-8006-773FC6464987}.Release|Any CPU.ActiveCfg = Release|Any CPU
		{3E9C3238-FEF6-4FF3-8006-773FC6464987}.Release|Any CPU.Build.0 = Release|Any CPU
	EndGlobalSection
	GlobalSection(SolutionProperties) = preSolution
		HideSolutionNode = FALSE
	EndGlobalSection
	GlobalSection(ExtensibilityGlobals) = postSolution
		SolutionGuid = {2C7A88CD-590D-4CA2-9352-C282BC6D776E}
	EndGlobalSection
EndGlobal
